<?xml version="1.0" encoding="utf-8"?>
<Project ToolsVersion="4.0" xmlns="http://schemas.microsoft.com/developer/msbuild/2003">
  <ItemGroup>
    <Filter Include="Source Files">
      <UniqueIdentifier>{4FC737F1-C7A5-4376-A066-2A32D752A2FF}</UniqueIdentifier>
      <Extensions>cpp;c;cc;cxx;def;odl;idl;hpj;bat;asm;asmx</Extensions>
    </Filter>
    <Filter Include="Header Files">
      <UniqueIdentifier>{93995380-89BD-4b04-88EB-625FBE52EBFB}</UniqueIdentifier>
      <Extensions>h;hh;hpp;hxx;hm;inl;inc;xsd</Extensions>
    </Filter>
    <Filter Include="Resource Files">
      <UniqueIdentifier>{67DA6AB6-F800-4c08-8B7A-83BB121AAD01}</UniqueIdentifier>
      <Extensions>rc;ico;cur;bmp;dlg;rc2;rct;bin;rgs;gif;jpg;jpeg;jpe;resx;tiff;tif;png;wav;mfcribbon-ms</Extensions>
    </Filter>
  </ItemGroup>
  <ItemGroup>
    <ClCompile Include="..\..\EmptyEpsilon\src\beamTemplate.cpp">
      <Filter>Source Files</Filter>
    </ClCompile>
    <ClCompile Include="..\..\EmptyEpsilon\src\commsScriptInterface.cpp">
      <Filter>Source Files</Filter>
    </ClCompile>
    <ClCompile Include="..\..\EmptyEpsilon\src\epsilonServer.cpp">
      <Filter>Source Files</Filter>
    </ClCompile>
    <ClCompile Include="..\..\EmptyEpsilon\src\factionInfo.cpp">
      <Filter>Source Files</Filter>
    </ClCompile>
    <ClCompile Include="..\..\EmptyEpsilon\src\gameGlobalInfo.cpp">
      <Filter>Source Files</Filter>
    </ClCompile>
    <ClCompile Include="..\..\EmptyEpsilon\src\GMScriptCallback.cpp">
      <Filter>Source Files</Filter>
    </ClCompile>
    <ClCompile Include="..\..\EmptyEpsilon\src\httpScriptAccess.cpp">
      <Filter>Source Files</Filter>
    </ClCompile>
    <ClCompile Include="..\..\EmptyEpsilon\src\main.cpp">
      <Filter>Source Files</Filter>
    </ClCompile>
    <ClCompile Include="..\..\EmptyEpsilon\src\mesh.cpp">
      <Filter>Source Files</Filter>
    </ClCompile>
    <ClCompile Include="..\..\EmptyEpsilon\src\missileWeaponData.cpp">
      <Filter>Source Files</Filter>
    </ClCompile>
    <ClCompile Include="..\..\EmptyEpsilon\src\modelData.cpp">
      <Filter>Source Files</Filter>
    </ClCompile>
    <ClCompile Include="..\..\EmptyEpsilon\src\modelInfo.cpp">
      <Filter>Source Files</Filter>
    </ClCompile>
    <ClCompile Include="..\..\EmptyEpsilon\src\mouseCalibrator.cpp">
      <Filter>Source Files</Filter>
    </ClCompile>
    <ClCompile Include="..\..\EmptyEpsilon\src\packResourceProvider.cpp">
      <Filter>Source Files</Filter>
    </ClCompile>
    <ClCompile Include="..\..\EmptyEpsilon\src\particleEffect.cpp">
      <Filter>Source Files</Filter>
    </ClCompile>
    <ClCompile Include="..\..\EmptyEpsilon\src\pathPlanner.cpp">
      <Filter>Source Files</Filter>
    </ClCompile>
    <ClCompile Include="..\..\EmptyEpsilon\src\playerInfo.cpp">
      <Filter>Source Files</Filter>
    </ClCompile>
    <ClCompile Include="..\..\EmptyEpsilon\src\preferenceManager.cpp">
      <Filter>Source Files</Filter>
    </ClCompile>
    <ClCompile Include="..\..\EmptyEpsilon\src\repairCrew.cpp">
      <Filter>Source Files</Filter>
    </ClCompile>
    <ClCompile Include="..\..\EmptyEpsilon\src\scienceDatabase.cpp">
      <Filter>Source Files</Filter>
    </ClCompile>
    <ClCompile Include="..\..\EmptyEpsilon\src\script.cpp">
      <Filter>Source Files</Filter>
    </ClCompile>
    <ClCompile Include="..\..\EmptyEpsilon\src\shipTemplate.cpp">
      <Filter>Source Files</Filter>
    </ClCompile>
    <ClCompile Include="..\..\EmptyEpsilon\src\threatLevelEstimate.cpp">
      <Filter>Source Files</Filter>
    </ClCompile>
    <ClCompile Include="..\..\EmptyEpsilon\src\tutorialGame.cpp">
      <Filter>Source Files</Filter>
    </ClCompile>
    <ClCompile Include="..\..\EmptyEpsilon\src\ai\ai.cpp">
      <Filter>Source Files</Filter>
    </ClCompile>
    <ClCompile Include="..\..\EmptyEpsilon\src\ai\aiFactory.cpp">
      <Filter>Source Files</Filter>
    </ClCompile>
    <ClCompile Include="..\..\EmptyEpsilon\src\ai\fighterAI.cpp">
      <Filter>Source Files</Filter>
    </ClCompile>
    <ClCompile Include="..\..\EmptyEpsilon\src\ai\missileVolleyAI.cpp">
      <Filter>Source Files</Filter>
    </ClCompile>
    <ClCompile Include="..\..\EmptyEpsilon\src\gui\colorConfig.cpp">
      <Filter>Source Files</Filter>
    </ClCompile>
    <ClCompile Include="..\..\EmptyEpsilon\src\gui\debugRenderer.cpp">
      <Filter>Source Files</Filter>
    </ClCompile>
    <ClCompile Include="..\..\EmptyEpsilon\src\gui\gui2_advancedscrolltext.cpp">
      <Filter>Source Files</Filter>
    </ClCompile>
    <ClCompile Include="..\..\EmptyEpsilon\src\gui\gui2_arrow.cpp">
      <Filter>Source Files</Filter>
    </ClCompile>
    <ClCompile Include="..\..\EmptyEpsilon\src\gui\gui2_arrowbutton.cpp">
      <Filter>Source Files</Filter>
    </ClCompile>
    <ClCompile Include="..\..\EmptyEpsilon\src\gui\gui2_autolayout.cpp">
      <Filter>Source Files</Filter>
    </ClCompile>
    <ClCompile Include="..\..\EmptyEpsilon\src\gui\gui2_button.cpp">
      <Filter>Source Files</Filter>
    </ClCompile>
    <ClCompile Include="..\..\EmptyEpsilon\src\gui\gui2_canvas.cpp">
      <Filter>Source Files</Filter>
    </ClCompile>
    <ClCompile Include="..\..\EmptyEpsilon\src\gui\gui2_container.cpp">
      <Filter>Source Files</Filter>
    </ClCompile>
    <ClCompile Include="..\..\EmptyEpsilon\src\gui\gui2_element.cpp">
      <Filter>Source Files</Filter>
    </ClCompile>
    <ClCompile Include="..\..\EmptyEpsilon\src\gui\gui2_entrylist.cpp">
      <Filter>Source Files</Filter>
    </ClCompile>
    <ClCompile Include="..\..\EmptyEpsilon\src\gui\gui2_image.cpp">
      <Filter>Source Files</Filter>
    </ClCompile>
    <ClCompile Include="..\..\EmptyEpsilon\src\gui\gui2_keyvaluedisplay.cpp">
      <Filter>Source Files</Filter>
    </ClCompile>
    <ClCompile Include="..\..\EmptyEpsilon\src\gui\gui2_label.cpp">
      <Filter>Source Files</Filter>
    </ClCompile>
    <ClCompile Include="..\..\EmptyEpsilon\src\gui\gui2_listbox.cpp">
      <Filter>Source Files</Filter>
    </ClCompile>
    <ClCompile Include="..\..\EmptyEpsilon\src\gui\gui2_overlay.cpp">
      <Filter>Source Files</Filter>
    </ClCompile>
    <ClCompile Include="..\..\EmptyEpsilon\src\gui\gui2_panel.cpp">
      <Filter>Source Files</Filter>
    </ClCompile>
    <ClCompile Include="..\..\EmptyEpsilon\src\gui\gui2_progressbar.cpp">
      <Filter>Source Files</Filter>
    </ClCompile>
    <ClCompile Include="..\..\EmptyEpsilon\src\gui\gui2_resizabledialog.cpp">
      <Filter>Source Files</Filter>
    </ClCompile>
    <ClCompile Include="..\..\EmptyEpsilon\src\gui\gui2_rotationdial.cpp">
      <Filter>Source Files</Filter>
    </ClCompile>
    <ClCompile Include="..\..\EmptyEpsilon\src\gui\gui2_scrollbar.cpp">
      <Filter>Source Files</Filter>
    </ClCompile>
    <ClCompile Include="..\..\EmptyEpsilon\src\gui\gui2_scrolltext.cpp">
      <Filter>Source Files</Filter>
    </ClCompile>
    <ClCompile Include="..\..\EmptyEpsilon\src\gui\gui2_selector.cpp">
      <Filter>Source Files</Filter>
    </ClCompile>
    <ClCompile Include="..\..\EmptyEpsilon\src\gui\gui2_slider.cpp">
      <Filter>Source Files</Filter>
    </ClCompile>
    <ClCompile Include="..\..\EmptyEpsilon\src\gui\gui2_textentry.cpp">
      <Filter>Source Files</Filter>
    </ClCompile>
    <ClCompile Include="..\..\EmptyEpsilon\src\gui\gui2_togglebutton.cpp">
      <Filter>Source Files</Filter>
    </ClCompile>
    <ClCompile Include="..\..\EmptyEpsilon\src\gui\mouseRenderer.cpp">
      <Filter>Source Files</Filter>
    </ClCompile>
    <ClCompile Include="..\..\EmptyEpsilon\src\gui\scriptError.cpp">
      <Filter>Source Files</Filter>
    </ClCompile>
    <ClCompile Include="..\..\EmptyEpsilon\src\hardware\dmx512SerialDevice.cpp">
      <Filter>Source Files</Filter>
    </ClCompile>
    <ClCompile Include="..\..\EmptyEpsilon\src\hardware\enttecDMXProDevice.cpp">
      <Filter>Source Files</Filter>
    </ClCompile>
    <ClCompile Include="..\..\EmptyEpsilon\src\hardware\hardwareController.cpp">
      <Filter>Source Files</Filter>
    </ClCompile>
    <ClCompile Include="..\..\EmptyEpsilon\src\hardware\hardwareMappingEffects.cpp">
      <Filter>Source Files</Filter>
    </ClCompile>
    <ClCompile Include="..\..\EmptyEpsilon\src\hardware\hardwareOutputDevice.cpp">
      <Filter>Source Files</Filter>
    </ClCompile>
    <ClCompile Include="..\..\EmptyEpsilon\src\hardware\sACNDMXDevice.cpp">
      <Filter>Source Files</Filter>
    </ClCompile>
    <ClCompile Include="..\..\EmptyEpsilon\src\hardware\serialDriver.cpp">
      <Filter>Source Files</Filter>
    </ClCompile>
    <ClCompile Include="..\..\EmptyEpsilon\src\hardware\virtualOutputDevice.cpp">
      <Filter>Source Files</Filter>
    </ClCompile>
    <ClCompile Include="..\..\EmptyEpsilon\src\menus\autoConnectScreen.cpp">
      <Filter>Source Files</Filter>
    </ClCompile>
    <ClCompile Include="..\..\EmptyEpsilon\src\menus\joinServerMenu.cpp">
      <Filter>Source Files</Filter>
    </ClCompile>
    <ClCompile Include="..\..\EmptyEpsilon\src\menus\mainMenus.cpp">
      <Filter>Source Files</Filter>
    </ClCompile>
    <ClCompile Include="..\..\EmptyEpsilon\src\menus\optionsMenu.cpp">
      <Filter>Source Files</Filter>
    </ClCompile>
    <ClCompile Include="..\..\EmptyEpsilon\src\menus\serverBrowseMenu.cpp">
      <Filter>Source Files</Filter>
    </ClCompile>
    <ClCompile Include="..\..\EmptyEpsilon\src\menus\serverCreationScreen.cpp">
      <Filter>Source Files</Filter>
    </ClCompile>
    <ClCompile Include="..\..\EmptyEpsilon\src\menus\shipSelectionScreen.cpp">
      <Filter>Source Files</Filter>
    </ClCompile>
    <ClCompile Include="..\..\EmptyEpsilon\src\screenComponents\aimLock.cpp">
      <Filter>Source Files</Filter>
    </ClCompile>
    <ClCompile Include="..\..\EmptyEpsilon\src\screenComponents\alertOverlay.cpp">
      <Filter>Source Files</Filter>
    </ClCompile>
    <ClCompile Include="..\..\EmptyEpsilon\src\screenComponents\beamFrequencySelector.cpp">
      <Filter>Source Files</Filter>
    </ClCompile>
    <ClCompile Include="..\..\EmptyEpsilon\src\screenComponents\beamTargetSelector.cpp">
      <Filter>Source Files</Filter>
    </ClCompile>
    <ClCompile Include="..\..\EmptyEpsilon\src\screenComponents\combatManeuver.cpp">
      <Filter>Source Files</Filter>
    </ClCompile>
    <ClCompile Include="..\..\EmptyEpsilon\src\screenComponents\commsOverlay.cpp">
      <Filter>Source Files</Filter>
    </ClCompile>
    <ClCompile Include="..\..\EmptyEpsilon\src\screenComponents\databaseView.cpp">
      <Filter>Source Files</Filter>
    </ClCompile>
    <ClCompile Include="..\..\EmptyEpsilon\src\screenComponents\dockingButton.cpp">
      <Filter>Source Files</Filter>
    </ClCompile>
    <ClCompile Include="..\..\EmptyEpsilon\src\screenComponents\frequencyCurve.cpp">
      <Filter>Source Files</Filter>
    </ClCompile>
    <ClCompile Include="..\..\EmptyEpsilon\src\screenComponents\globalMessage.cpp">
      <Filter>Source Files</Filter>
    </ClCompile>
    <ClCompile Include="..\..\EmptyEpsilon\src\screenComponents\impulseControls.cpp">
      <Filter>Source Files</Filter>
    </ClCompile>
    <ClCompile Include="..\..\EmptyEpsilon\src\screenComponents\indicatorOverlays.cpp">
      <Filter>Source Files</Filter>
    </ClCompile>
    <ClCompile Include="..\..\EmptyEpsilon\src\screenComponents\jumpControls.cpp">
      <Filter>Source Files</Filter>
    </ClCompile>
    <ClCompile Include="..\..\EmptyEpsilon\src\screenComponents\jumpIndicator.cpp">
      <Filter>Source Files</Filter>
    </ClCompile>
    <ClCompile Include="..\..\EmptyEpsilon\src\screenComponents\mainScreenControls.cpp">
      <Filter>Source Files</Filter>
    </ClCompile>
    <ClCompile Include="..\..\EmptyEpsilon\src\screenComponents\missileTubeControls.cpp">
      <Filter>Source Files</Filter>
    </ClCompile>
    <ClCompile Include="..\..\EmptyEpsilon\src\screenComponents\noiseOverlay.cpp">
      <Filter>Source Files</Filter>
    </ClCompile>
    <ClCompile Include="..\..\EmptyEpsilon\src\screenComponents\openCommsButton.cpp">
      <Filter>Source Files</Filter>
    </ClCompile>
    <ClCompile Include="..\..\EmptyEpsilon\src\screenComponents\powerDamageIndicator.cpp">
      <Filter>Source Files</Filter>
    </ClCompile>
    <ClCompile Include="..\..\EmptyEpsilon\src\screenComponents\radarView.cpp">
      <Filter>Source Files</Filter>
    </ClCompile>
    <ClCompile Include="..\..\EmptyEpsilon\src\screenComponents\rawScannerDataRadarOverlay.cpp">
      <Filter>Source Files</Filter>
    </ClCompile>
    <ClCompile Include="..\..\EmptyEpsilon\src\screenComponents\rotatingModelView.cpp">
      <Filter>Source Files</Filter>
    </ClCompile>
    <ClCompile Include="..\..\EmptyEpsilon\src\screenComponents\scanningDialog.cpp">
      <Filter>Source Files</Filter>
    </ClCompile>
    <ClCompile Include="..\..\EmptyEpsilon\src\screenComponents\scanTargetButton.cpp">
      <Filter>Source Files</Filter>
    </ClCompile>
    <ClCompile Include="..\..\EmptyEpsilon\src\screenComponents\selfDestructButton.cpp">
      <Filter>Source Files</Filter>
    </ClCompile>
    <ClCompile Include="..\..\EmptyEpsilon\src\screenComponents\selfDestructEntry.cpp">
      <Filter>Source Files</Filter>
    </ClCompile>
    <ClCompile Include="..\..\EmptyEpsilon\src\screenComponents\selfDestructIndicator.cpp">
      <Filter>Source Files</Filter>
    </ClCompile>
    <ClCompile Include="..\..\EmptyEpsilon\src\screenComponents\shieldFreqencySelect.cpp">
      <Filter>Source Files</Filter>
    </ClCompile>
    <ClCompile Include="..\..\EmptyEpsilon\src\screenComponents\shieldsEnableButton.cpp">
      <Filter>Source Files</Filter>
    </ClCompile>
    <ClCompile Include="..\..\EmptyEpsilon\src\screenComponents\shipDestroyedPopup.cpp">
      <Filter>Source Files</Filter>
    </ClCompile>
    <ClCompile Include="..\..\EmptyEpsilon\src\screenComponents\shipInternalView.cpp">
      <Filter>Source Files</Filter>
    </ClCompile>
    <ClCompile Include="..\..\EmptyEpsilon\src\screenComponents\signalQualityIndicator.cpp">
      <Filter>Source Files</Filter>
    </ClCompile>
    <ClCompile Include="..\..\EmptyEpsilon\src\screenComponents\snapSlider.cpp">
      <Filter>Source Files</Filter>
    </ClCompile>
    <ClCompile Include="..\..\EmptyEpsilon\src\screenComponents\targetsContainer.cpp">
      <Filter>Source Files</Filter>
    </ClCompile>
    <ClCompile Include="..\..\EmptyEpsilon\src\screenComponents\viewport3d.cpp">
      <Filter>Source Files</Filter>
    </ClCompile>
    <ClCompile Include="..\..\EmptyEpsilon\src\screenComponents\warpControls.cpp">
      <Filter>Source Files</Filter>
    </ClCompile>
    <ClCompile Include="..\..\EmptyEpsilon\src\screens\crewStationScreen.cpp">
      <Filter>Source Files</Filter>
    </ClCompile>
    <ClCompile Include="..\..\EmptyEpsilon\src\screens\mainScreen.cpp">
      <Filter>Source Files</Filter>
    </ClCompile>
    <ClCompile Include="..\..\EmptyEpsilon\src\screens\topDownScreen.cpp">
      <Filter>Source Files</Filter>
    </ClCompile>
    <ClCompile Include="..\..\EmptyEpsilon\src\screens\windowScreen.cpp">
      <Filter>Source Files</Filter>
    </ClCompile>
    <ClCompile Include="..\..\EmptyEpsilon\src\screens\crew1\singlePilotScreen.cpp">
      <Filter>Source Files</Filter>
    </ClCompile>
    <ClCompile Include="..\..\EmptyEpsilon\src\screens\crew4\engineeringAdvancedScreen.cpp">
      <Filter>Source Files</Filter>
    </ClCompile>
    <ClCompile Include="..\..\EmptyEpsilon\src\screens\crew4\operationsScreen.cpp">
      <Filter>Source Files</Filter>
    </ClCompile>
    <ClCompile Include="..\..\EmptyEpsilon\src\screens\crew4\tacticalScreen.cpp">
      <Filter>Source Files</Filter>
    </ClCompile>
    <ClCompile Include="..\..\EmptyEpsilon\src\screens\crew6\engineeringScreen.cpp">
      <Filter>Source Files</Filter>
    </ClCompile>
    <ClCompile Include="..\..\EmptyEpsilon\src\screens\crew6\helmsScreen.cpp">
      <Filter>Source Files</Filter>
    </ClCompile>
    <ClCompile Include="..\..\EmptyEpsilon\src\screens\crew6\relayScreen.cpp">
      <Filter>Source Files</Filter>
    </ClCompile>
    <ClCompile Include="..\..\EmptyEpsilon\src\screens\crew6\scienceScreen.cpp">
      <Filter>Source Files</Filter>
    </ClCompile>
    <ClCompile Include="..\..\EmptyEpsilon\src\screens\crew6\weaponsScreen.cpp">
      <Filter>Source Files</Filter>
    </ClCompile>
    <ClCompile Include="..\..\EmptyEpsilon\src\screens\extra\damcon.cpp">
      <Filter>Source Files</Filter>
    </ClCompile>
    <ClCompile Include="..\..\EmptyEpsilon\src\screens\extra\databaseScreen.cpp">
      <Filter>Source Files</Filter>
    </ClCompile>
    <ClCompile Include="..\..\EmptyEpsilon\src\screens\extra\powerManagement.cpp">
      <Filter>Source Files</Filter>
    </ClCompile>
    <ClCompile Include="..\..\EmptyEpsilon\src\screens\extra\shipLogScreen.cpp">
      <Filter>Source Files</Filter>
    </ClCompile>
    <ClCompile Include="..\..\EmptyEpsilon\src\screens\gm\chatDialog.cpp">
      <Filter>Source Files</Filter>
    </ClCompile>
    <ClCompile Include="..\..\EmptyEpsilon\src\screens\gm\gameMasterScreen.cpp">
      <Filter>Source Files</Filter>
    </ClCompile>
    <ClCompile Include="..\..\EmptyEpsilon\src\screens\gm\tweak.cpp">
      <Filter>Source Files</Filter>
    </ClCompile>
    <ClCompile Include="..\..\EmptyEpsilon\src\spaceObjects\artifact.cpp">
      <Filter>Source Files</Filter>
    </ClCompile>
    <ClCompile Include="..\..\EmptyEpsilon\src\spaceObjects\asteroid.cpp">
      <Filter>Source Files</Filter>
    </ClCompile>
    <ClCompile Include="..\..\EmptyEpsilon\src\spaceObjects\beamEffect.cpp">
      <Filter>Source Files</Filter>
    </ClCompile>
    <ClCompile Include="..\..\EmptyEpsilon\src\spaceObjects\blackHole.cpp">
      <Filter>Source Files</Filter>
    </ClCompile>
    <ClCompile Include="..\..\EmptyEpsilon\src\spaceObjects\cpuShip.cpp">
      <Filter>Source Files</Filter>
    </ClCompile>
    <ClCompile Include="..\..\EmptyEpsilon\src\spaceObjects\electricExplosionEffect.cpp">
      <Filter>Source Files</Filter>
    </ClCompile>
    <ClCompile Include="..\..\EmptyEpsilon\src\spaceObjects\EMPMissile.cpp">
      <Filter>Source Files</Filter>
    </ClCompile>
    <ClCompile Include="..\..\EmptyEpsilon\src\spaceObjects\explosionEffect.cpp">
      <Filter>Source Files</Filter>
    </ClCompile>
    <ClCompile Include="..\..\EmptyEpsilon\src\spaceObjects\homingMissile.cpp">
      <Filter>Source Files</Filter>
    </ClCompile>
    <ClCompile Include="..\..\EmptyEpsilon\src\spaceObjects\hvli.cpp">
      <Filter>Source Files</Filter>
    </ClCompile>
    <ClCompile Include="..\..\EmptyEpsilon\src\spaceObjects\mine.cpp">
      <Filter>Source Files</Filter>
    </ClCompile>
    <ClCompile Include="..\..\EmptyEpsilon\src\spaceObjects\missileWeapon.cpp">
      <Filter>Source Files</Filter>
    </ClCompile>
    <ClCompile Include="..\..\EmptyEpsilon\src\spaceObjects\nebula.cpp">
      <Filter>Source Files</Filter>
    </ClCompile>
    <ClCompile Include="..\..\EmptyEpsilon\src\spaceObjects\nuke.cpp">
      <Filter>Source Files</Filter>
    </ClCompile>
    <ClCompile Include="..\..\EmptyEpsilon\src\spaceObjects\playerSpaceship.cpp">
      <Filter>Source Files</Filter>
    </ClCompile>
    <ClCompile Include="..\..\EmptyEpsilon\src\spaceObjects\scanProbe.cpp">
      <Filter>Source Files</Filter>
    </ClCompile>
    <ClCompile Include="..\..\EmptyEpsilon\src\spaceObjects\shipTemplateBasedObject.cpp">
      <Filter>Source Files</Filter>
    </ClCompile>
    <ClCompile Include="..\..\EmptyEpsilon\src\spaceObjects\spaceObject.cpp">
      <Filter>Source Files</Filter>
    </ClCompile>
    <ClCompile Include="..\..\EmptyEpsilon\src\spaceObjects\spaceship.cpp">
      <Filter>Source Files</Filter>
    </ClCompile>
    <ClCompile Include="..\..\EmptyEpsilon\src\spaceObjects\spaceStation.cpp">
      <Filter>Source Files</Filter>
    </ClCompile>
    <ClCompile Include="..\..\EmptyEpsilon\src\spaceObjects\supplyDrop.cpp">
      <Filter>Source Files</Filter>
    </ClCompile>
    <ClCompile Include="..\..\EmptyEpsilon\src\spaceObjects\warpJammer.cpp">
      <Filter>Source Files</Filter>
    </ClCompile>
    <ClCompile Include="..\..\EmptyEpsilon\src\spaceObjects\wormHole.cpp">
      <Filter>Source Files</Filter>
    </ClCompile>
    <ClCompile Include="..\..\EmptyEpsilon\src\spaceObjects\spaceshipParts\beamWeapon.cpp">
      <Filter>Source Files</Filter>
    </ClCompile>
    <ClCompile Include="..\..\EmptyEpsilon\src\spaceObjects\spaceshipParts\weaponTube.cpp">
      <Filter>Source Files</Filter>
    </ClCompile>
  </ItemGroup>
  <ItemGroup>
    <ClInclude Include="..\..\EmptyEpsilon\src\beamTemplate.h">
      <Filter>Header Files</Filter>
    </ClInclude>
    <ClInclude Include="..\..\EmptyEpsilon\src\commsScriptInterface.h">
      <Filter>Header Files</Filter>
    </ClInclude>
    <ClInclude Include="..\..\EmptyEpsilon\src\epsilonServer.h">
      <Filter>Header Files</Filter>
    </ClInclude>
    <ClInclude Include="..\..\EmptyEpsilon\src\factionInfo.h">
      <Filter>Header Files</Filter>
    </ClInclude>
    <ClInclude Include="..\..\EmptyEpsilon\src\featureDefs.h">
      <Filter>Header Files</Filter>
    </ClInclude>
    <ClInclude Include="..\..\EmptyEpsilon\src\gameGlobalInfo.h">
      <Filter>Header Files</Filter>
    </ClInclude>
    <ClInclude Include="..\..\EmptyEpsilon\src\GMScriptCallback.h">
      <Filter>Header Files</Filter>
    </ClInclude>
    <ClInclude Include="..\..\EmptyEpsilon\src\httpScriptAccess.h">
      <Filter>Header Files</Filter>
    </ClInclude>
    <ClInclude Include="..\..\EmptyEpsilon\src\main.h">
      <Filter>Header Files</Filter>
    </ClInclude>
    <ClInclude Include="..\..\EmptyEpsilon\src\mesh.h">
      <Filter>Header Files</Filter>
    </ClInclude>
    <ClInclude Include="..\..\EmptyEpsilon\src\missileWeaponData.h">
      <Filter>Header Files</Filter>
    </ClInclude>
    <ClInclude Include="..\..\EmptyEpsilon\src\modelData.h">
      <Filter>Header Files</Filter>
    </ClInclude>
    <ClInclude Include="..\..\EmptyEpsilon\src\modelInfo.h">
      <Filter>Header Files</Filter>
    </ClInclude>
    <ClInclude Include="..\..\EmptyEpsilon\src\mouseCalibrator.h">
      <Filter>Header Files</Filter>
    </ClInclude>
    <ClInclude Include="..\..\EmptyEpsilon\src\packResourceProvider.h">
      <Filter>Header Files</Filter>
    </ClInclude>
    <ClInclude Include="..\..\EmptyEpsilon\src\particleEffect.h">
      <Filter>Header Files</Filter>
    </ClInclude>
    <ClInclude Include="..\..\EmptyEpsilon\src\pathPlanner.h">
      <Filter>Header Files</Filter>
    </ClInclude>
    <ClInclude Include="..\..\EmptyEpsilon\src\playerInfo.h">
      <Filter>Header Files</Filter>
    </ClInclude>
    <ClInclude Include="..\..\EmptyEpsilon\src\preferenceManager.h">
      <Filter>Header Files</Filter>
    </ClInclude>
    <ClInclude Include="..\..\EmptyEpsilon\src\repairCrew.h">
      <Filter>Header Files</Filter>
    </ClInclude>
    <ClInclude Include="..\..\EmptyEpsilon\src\scienceDatabase.h">
      <Filter>Header Files</Filter>
    </ClInclude>
    <ClInclude Include="..\..\EmptyEpsilon\src\script.h">
      <Filter>Header Files</Filter>
    </ClInclude>
    <ClInclude Include="..\..\EmptyEpsilon\src\shipTemplate.h">
      <Filter>Header Files</Filter>
    </ClInclude>
    <ClInclude Include="..\..\EmptyEpsilon\src\threatLevelEstimate.h">
      <Filter>Header Files</Filter>
    </ClInclude>
    <ClInclude Include="..\..\EmptyEpsilon\src\tutorialGame.h">
      <Filter>Header Files</Filter>
    </ClInclude>
    <ClInclude Include="unistd.h">
      <Filter>Header Files</Filter>
    </ClInclude>
    <ClInclude Include="..\..\EmptyEpsilon\src\ai\ai.h">
      <Filter>Header Files</Filter>
    </ClInclude>
    <ClInclude Include="..\..\EmptyEpsilon\src\ai\aiFactory.h">
      <Filter>Header Files</Filter>
    </ClInclude>
    <ClInclude Include="..\..\EmptyEpsilon\src\ai\fighterAI.h">
      <Filter>Header Files</Filter>
    </ClInclude>
    <ClInclude Include="..\..\EmptyEpsilon\src\ai\missileVolleyAI.h">
      <Filter>Header Files</Filter>
    </ClInclude>
    <ClInclude Include="..\..\EmptyEpsilon\src\gui\colorConfig.h">
      <Filter>Header Files</Filter>
    </ClInclude>
    <ClInclude Include="..\..\EmptyEpsilon\src\gui\debugRenderer.h">
      <Filter>Header Files</Filter>
    </ClInclude>
    <ClInclude Include="..\..\EmptyEpsilon\src\gui\gui2_advancedscrolltext.h">
      <Filter>Header Files</Filter>
    </ClInclude>
    <ClInclude Include="..\..\EmptyEpsilon\src\gui\gui2_arrow.h">
      <Filter>Header Files</Filter>
    </ClInclude>
    <ClInclude Include="..\..\EmptyEpsilon\src\gui\gui2_arrowbutton.h">
      <Filter>Header Files</Filter>
    </ClInclude>
    <ClInclude Include="..\..\EmptyEpsilon\src\gui\gui2_autolayout.h">
      <Filter>Header Files</Filter>
    </ClInclude>
    <ClInclude Include="..\..\EmptyEpsilon\src\gui\gui2_button.h">
      <Filter>Header Files</Filter>
    </ClInclude>
    <ClInclude Include="..\..\EmptyEpsilon\src\gui\gui2_canvas.h">
      <Filter>Header Files</Filter>
    </ClInclude>
    <ClInclude Include="..\..\EmptyEpsilon\src\gui\gui2_container.h">
      <Filter>Header Files</Filter>
    </ClInclude>
    <ClInclude Include="..\..\EmptyEpsilon\src\gui\gui2_element.h">
      <Filter>Header Files</Filter>
    </ClInclude>
    <ClInclude Include="..\..\EmptyEpsilon\src\gui\gui2_entrylist.h">
      <Filter>Header Files</Filter>
    </ClInclude>
    <ClInclude Include="..\..\EmptyEpsilon\src\gui\gui2_image.h">
      <Filter>Header Files</Filter>
    </ClInclude>
    <ClInclude Include="..\..\EmptyEpsilon\src\gui\gui2_keyvaluedisplay.h">
      <Filter>Header Files</Filter>
    </ClInclude>
    <ClInclude Include="..\..\EmptyEpsilon\src\gui\gui2_label.h">
      <Filter>Header Files</Filter>
    </ClInclude>
    <ClInclude Include="..\..\EmptyEpsilon\src\gui\gui2_listbox.h">
      <Filter>Header Files</Filter>
    </ClInclude>
    <ClInclude Include="..\..\EmptyEpsilon\src\gui\gui2_overlay.h">
      <Filter>Header Files</Filter>
    </ClInclude>
    <ClInclude Include="..\..\EmptyEpsilon\src\gui\gui2_panel.h">
      <Filter>Header Files</Filter>
    </ClInclude>
    <ClInclude Include="..\..\EmptyEpsilon\src\gui\gui2_progressbar.h">
      <Filter>Header Files</Filter>
    </ClInclude>
    <ClInclude Include="..\..\EmptyEpsilon\src\gui\gui2_resizabledialog.h">
      <Filter>Header Files</Filter>
    </ClInclude>
    <ClInclude Include="..\..\EmptyEpsilon\src\gui\gui2_rotationdial.h">
      <Filter>Header Files</Filter>
    </ClInclude>
    <ClInclude Include="..\..\EmptyEpsilon\src\gui\gui2_scrollbar.h">
      <Filter>Header Files</Filter>
    </ClInclude>
    <ClInclude Include="..\..\EmptyEpsilon\src\gui\gui2_scrolltext.h">
      <Filter>Header Files</Filter>
    </ClInclude>
    <ClInclude Include="..\..\EmptyEpsilon\src\gui\gui2_selector.h">
      <Filter>Header Files</Filter>
    </ClInclude>
    <ClInclude Include="..\..\EmptyEpsilon\src\gui\gui2_slider.h">
      <Filter>Header Files</Filter>
    </ClInclude>
    <ClInclude Include="..\..\EmptyEpsilon\src\gui\gui2_textentry.h">
      <Filter>Header Files</Filter>
    </ClInclude>
    <ClInclude Include="..\..\EmptyEpsilon\src\gui\gui2_togglebutton.h">
      <Filter>Header Files</Filter>
    </ClInclude>
    <ClInclude Include="..\..\EmptyEpsilon\src\gui\mouseRenderer.h">
      <Filter>Header Files</Filter>
    </ClInclude>
    <ClInclude Include="..\..\EmptyEpsilon\src\gui\scriptError.h">
      <Filter>Header Files</Filter>
    </ClInclude>
    <ClInclude Include="..\..\EmptyEpsilon\src\hardware\dmx512SerialDevice.h">
      <Filter>Header Files</Filter>
    </ClInclude>
    <ClInclude Include="..\..\EmptyEpsilon\src\hardware\enttecDMXProDevice.h">
      <Filter>Header Files</Filter>
    </ClInclude>
    <ClInclude Include="..\..\EmptyEpsilon\src\hardware\hardwareController.h">
      <Filter>Header Files</Filter>
    </ClInclude>
    <ClInclude Include="..\..\EmptyEpsilon\src\hardware\hardwareMappingEffects.h">
      <Filter>Header Files</Filter>
    </ClInclude>
    <ClInclude Include="..\..\EmptyEpsilon\src\hardware\hardwareOutputDevice.h">
      <Filter>Header Files</Filter>
    </ClInclude>
    <ClInclude Include="..\..\EmptyEpsilon\src\hardware\sACNDMXDevice.h">
      <Filter>Header Files</Filter>
    </ClInclude>
    <ClInclude Include="..\..\EmptyEpsilon\src\hardware\serialDriver.h">
      <Filter>Header Files</Filter>
    </ClInclude>
    <ClInclude Include="..\..\EmptyEpsilon\src\hardware\virtualOutputDevice.h">
      <Filter>Header Files</Filter>
    </ClInclude>
    <ClInclude Include="..\..\EmptyEpsilon\src\menus\autoConnectScreen.h">
      <Filter>Header Files</Filter>
    </ClInclude>
    <ClInclude Include="..\..\EmptyEpsilon\src\menus\joinServerMenu.h">
      <Filter>Header Files</Filter>
    </ClInclude>
    <ClInclude Include="..\..\EmptyEpsilon\src\menus\mainMenus.h">
      <Filter>Header Files</Filter>
    </ClInclude>
    <ClInclude Include="..\..\EmptyEpsilon\src\menus\optionsMenu.h">
      <Filter>Header Files</Filter>
    </ClInclude>
    <ClInclude Include="..\..\EmptyEpsilon\src\menus\serverBrowseMenu.h">
      <Filter>Header Files</Filter>
    </ClInclude>
    <ClInclude Include="..\..\EmptyEpsilon\src\menus\serverCreationScreen.h">
      <Filter>Header Files</Filter>
    </ClInclude>
    <ClInclude Include="..\..\EmptyEpsilon\src\menus\shipSelectionScreen.h">
      <Filter>Header Files</Filter>
    </ClInclude>
    <ClInclude Include="..\..\EmptyEpsilon\src\screenComponents\aimLock.h">
      <Filter>Header Files</Filter>
    </ClInclude>
    <ClInclude Include="..\..\EmptyEpsilon\src\screenComponents\alertOverlay.h">
      <Filter>Header Files</Filter>
    </ClInclude>
    <ClInclude Include="..\..\EmptyEpsilon\src\screenComponents\beamFrequencySelector.h">
      <Filter>Header Files</Filter>
    </ClInclude>
    <ClInclude Include="..\..\EmptyEpsilon\src\screenComponents\beamTargetSelector.h">
      <Filter>Header Files</Filter>
    </ClInclude>
    <ClInclude Include="..\..\EmptyEpsilon\src\screenComponents\combatManeuver.h">
      <Filter>Header Files</Filter>
    </ClInclude>
    <ClInclude Include="..\..\EmptyEpsilon\src\screenComponents\commsOverlay.h">
      <Filter>Header Files</Filter>
    </ClInclude>
    <ClInclude Include="..\..\EmptyEpsilon\src\screenComponents\databaseView.h">
      <Filter>Header Files</Filter>
    </ClInclude>
    <ClInclude Include="..\..\EmptyEpsilon\src\screenComponents\dockingButton.h">
      <Filter>Header Files</Filter>
    </ClInclude>
    <ClInclude Include="..\..\EmptyEpsilon\src\screenComponents\frequencyCurve.h">
      <Filter>Header Files</Filter>
    </ClInclude>
    <ClInclude Include="..\..\EmptyEpsilon\src\screenComponents\globalMessage.h">
      <Filter>Header Files</Filter>
    </ClInclude>
    <ClInclude Include="..\..\EmptyEpsilon\src\screenComponents\impulseControls.h">
      <Filter>Header Files</Filter>
    </ClInclude>
    <ClInclude Include="..\..\EmptyEpsilon\src\screenComponents\indicatorOverlays.h">
      <Filter>Header Files</Filter>
    </ClInclude>
    <ClInclude Include="..\..\EmptyEpsilon\src\screenComponents\jumpControls.h">
      <Filter>Header Files</Filter>
    </ClInclude>
    <ClInclude Include="..\..\EmptyEpsilon\src\screenComponents\jumpIndicator.h">
      <Filter>Header Files</Filter>
    </ClInclude>
    <ClInclude Include="..\..\EmptyEpsilon\src\screenComponents\mainScreenControls.h">
      <Filter>Header Files</Filter>
    </ClInclude>
    <ClInclude Include="..\..\EmptyEpsilon\src\screenComponents\missileTubeControls.h">
      <Filter>Header Files</Filter>
    </ClInclude>
    <ClInclude Include="..\..\EmptyEpsilon\src\screenComponents\noiseOverlay.h">
      <Filter>Header Files</Filter>
    </ClInclude>
    <ClInclude Include="..\..\EmptyEpsilon\src\screenComponents\openCommsButton.h">
      <Filter>Header Files</Filter>
    </ClInclude>
    <ClInclude Include="..\..\EmptyEpsilon\src\screenComponents\powerDamageIndicator.h">
      <Filter>Header Files</Filter>
    </ClInclude>
    <ClInclude Include="..\..\EmptyEpsilon\src\screenComponents\radarView.h">
      <Filter>Header Files</Filter>
    </ClInclude>
    <ClInclude Include="..\..\EmptyEpsilon\src\screenComponents\rawScannerDataRadarOverlay.h">
      <Filter>Header Files</Filter>
    </ClInclude>
    <ClInclude Include="..\..\EmptyEpsilon\src\screenComponents\rotatingModelView.h">
      <Filter>Header Files</Filter>
    </ClInclude>
    <ClInclude Include="..\..\EmptyEpsilon\src\screenComponents\scanningDialog.h">
      <Filter>Header Files</Filter>
    </ClInclude>
    <ClInclude Include="..\..\EmptyEpsilon\src\screenComponents\scanTargetButton.h">
      <Filter>Header Files</Filter>
    </ClInclude>
    <ClInclude Include="..\..\EmptyEpsilon\src\screenComponents\selfDestructButton.h">
      <Filter>Header Files</Filter>
    </ClInclude>
    <ClInclude Include="..\..\EmptyEpsilon\src\screenComponents\selfDestructEntry.h">
      <Filter>Header Files</Filter>
    </ClInclude>
    <ClInclude Include="..\..\EmptyEpsilon\src\screenComponents\selfDestructIndicator.h">
      <Filter>Header Files</Filter>
    </ClInclude>
    <ClInclude Include="..\..\EmptyEpsilon\src\screenComponents\shieldFreqencySelect.h">
      <Filter>Header Files</Filter>
    </ClInclude>
    <ClInclude Include="..\..\EmptyEpsilon\src\screenComponents\shieldsEnableButton.h">
      <Filter>Header Files</Filter>
    </ClInclude>
    <ClInclude Include="..\..\EmptyEpsilon\src\screenComponents\shipDestroyedPopup.h">
      <Filter>Header Files</Filter>
    </ClInclude>
    <ClInclude Include="..\..\EmptyEpsilon\src\screenComponents\shipInternalView.h">
      <Filter>Header Files</Filter>
    </ClInclude>
    <ClInclude Include="..\..\EmptyEpsilon\src\screenComponents\signalQualityIndicator.h">
      <Filter>Header Files</Filter>
    </ClInclude>
    <ClInclude Include="..\..\EmptyEpsilon\src\screenComponents\snapSlider.h">
      <Filter>Header Files</Filter>
    </ClInclude>
    <ClInclude Include="..\..\EmptyEpsilon\src\screenComponents\targetsContainer.h">
      <Filter>Header Files</Filter>
    </ClInclude>
    <ClInclude Include="..\..\EmptyEpsilon\src\screenComponents\viewport3d.h">
      <Filter>Header Files</Filter>
    </ClInclude>
    <ClInclude Include="..\..\EmptyEpsilon\src\screenComponents\warpControls.h">
      <Filter>Header Files</Filter>
    </ClInclude>
    <ClInclude Include="..\..\EmptyEpsilon\src\screens\crewStationScreen.h">
      <Filter>Header Files</Filter>
    </ClInclude>
    <ClInclude Include="..\..\EmptyEpsilon\src\screens\mainScreen.h">
      <Filter>Header Files</Filter>
    </ClInclude>
    <ClInclude Include="..\..\EmptyEpsilon\src\screens\topDownScreen.h">
      <Filter>Header Files</Filter>
    </ClInclude>
    <ClInclude Include="..\..\EmptyEpsilon\src\screens\windowScreen.h">
      <Filter>Header Files</Filter>
    </ClInclude>
    <ClInclude Include="..\..\EmptyEpsilon\src\screens\crew1\singlePilotScreen.h">
      <Filter>Header Files</Filter>
    </ClInclude>
    <ClInclude Include="..\..\EmptyEpsilon\src\screens\crew4\engineeringAdvancedScreen.h">
      <Filter>Header Files</Filter>
    </ClInclude>
    <ClInclude Include="..\..\EmptyEpsilon\src\screens\crew4\operationsScreen.h">
      <Filter>Header Files</Filter>
    </ClInclude>
    <ClInclude Include="..\..\EmptyEpsilon\src\screens\crew4\tacticalScreen.h">
      <Filter>Header Files</Filter>
    </ClInclude>
    <ClInclude Include="..\..\EmptyEpsilon\src\screens\crew6\engineeringScreen.h">
      <Filter>Header Files</Filter>
    </ClInclude>
    <ClInclude Include="..\..\EmptyEpsilon\src\screens\crew6\helmsScreen.h">
      <Filter>Header Files</Filter>
    </ClInclude>
    <ClInclude Include="..\..\EmptyEpsilon\src\screens\crew6\relayScreen.h">
      <Filter>Header Files</Filter>
    </ClInclude>
    <ClInclude Include="..\..\EmptyEpsilon\src\screens\crew6\scienceScreen.h">
      <Filter>Header Files</Filter>
    </ClInclude>
    <ClInclude Include="..\..\EmptyEpsilon\src\screens\crew6\weaponsScreen.h">
      <Filter>Header Files</Filter>
    </ClInclude>
    <ClInclude Include="..\..\EmptyEpsilon\src\screens\extra\damcon.h">
      <Filter>Header Files</Filter>
    </ClInclude>
    <ClInclude Include="..\..\EmptyEpsilon\src\screens\extra\databaseScreen.h">
      <Filter>Header Files</Filter>
    </ClInclude>
    <ClInclude Include="..\..\EmptyEpsilon\src\screens\extra\powerManagement.h">
      <Filter>Header Files</Filter>
    </ClInclude>
    <ClInclude Include="..\..\EmptyEpsilon\src\screens\extra\shipLogScreen.h">
      <Filter>Header Files</Filter>
    </ClInclude>
    <ClInclude Include="..\..\EmptyEpsilon\src\screens\gm\chatDialog.h">
      <Filter>Header Files</Filter>
    </ClInclude>
    <ClInclude Include="..\..\EmptyEpsilon\src\screens\gm\gameMasterScreen.h">
      <Filter>Header Files</Filter>
    </ClInclude>
    <ClInclude Include="..\..\EmptyEpsilon\src\screens\gm\tweak.h">
      <Filter>Header Files</Filter>
    </ClInclude>
    <ClInclude Include="..\..\EmptyEpsilon\src\spaceObjects\artifact.h">
      <Filter>Header Files</Filter>
    </ClInclude>
    <ClInclude Include="..\..\EmptyEpsilon\src\spaceObjects\asteroid.h">
      <Filter>Header Files</Filter>
    </ClInclude>
    <ClInclude Include="..\..\EmptyEpsilon\src\spaceObjects\beamEffect.h">
      <Filter>Header Files</Filter>
    </ClInclude>
    <ClInclude Include="..\..\EmptyEpsilon\src\spaceObjects\blackHole.h">
      <Filter>Header Files</Filter>
    </ClInclude>
    <ClInclude Include="..\..\EmptyEpsilon\src\spaceObjects\cpuShip.h">
      <Filter>Header Files</Filter>
    </ClInclude>
    <ClInclude Include="..\..\EmptyEpsilon\src\spaceObjects\electricExplosionEffect.h">
      <Filter>Header Files</Filter>
    </ClInclude>
    <ClInclude Include="..\..\EmptyEpsilon\src\spaceObjects\EMPMissile.h">
      <Filter>Header Files</Filter>
    </ClInclude>
    <ClInclude Include="..\..\EmptyEpsilon\src\spaceObjects\explosionEffect.h">
      <Filter>Header Files</Filter>
    </ClInclude>
    <ClInclude Include="..\..\EmptyEpsilon\src\spaceObjects\homingMissile.h">
      <Filter>Header Files</Filter>
    </ClInclude>
    <ClInclude Include="..\..\EmptyEpsilon\src\spaceObjects\hvli.h">
      <Filter>Header Files</Filter>
    </ClInclude>
    <ClInclude Include="..\..\EmptyEpsilon\src\spaceObjects\mine.h">
      <Filter>Header Files</Filter>
    </ClInclude>
    <ClInclude Include="..\..\EmptyEpsilon\src\spaceObjects\missileWeapon.h">
      <Filter>Header Files</Filter>
    </ClInclude>
    <ClInclude Include="..\..\EmptyEpsilon\src\spaceObjects\nebula.h">
      <Filter>Header Files</Filter>
    </ClInclude>
    <ClInclude Include="..\..\EmptyEpsilon\src\spaceObjects\nuke.h">
      <Filter>Header Files</Filter>
    </ClInclude>
    <ClInclude Include="..\..\EmptyEpsilon\src\spaceObjects\playerSpaceship.h">
      <Filter>Header Files</Filter>
    </ClInclude>
    <ClInclude Include="..\..\EmptyEpsilon\src\spaceObjects\scanProbe.h">
      <Filter>Header Files</Filter>
    </ClInclude>
    <ClInclude Include="..\..\EmptyEpsilon\src\spaceObjects\shipTemplateBasedObject.h">
      <Filter>Header Files</Filter>
    </ClInclude>
    <ClInclude Include="..\..\EmptyEpsilon\src\spaceObjects\spaceObject.h">
      <Filter>Header Files</Filter>
    </ClInclude>
    <ClInclude Include="..\..\EmptyEpsilon\src\spaceObjects\spaceship.h">
      <Filter>Header Files</Filter>
    </ClInclude>
    <ClInclude Include="..\..\EmptyEpsilon\src\spaceObjects\spaceStation.h">
      <Filter>Header Files</Filter>
    </ClInclude>
    <ClInclude Include="..\..\EmptyEpsilon\src\spaceObjects\supplyDrop.h">
      <Filter>Header Files</Filter>
    </ClInclude>
    <ClInclude Include="..\..\EmptyEpsilon\src\spaceObjects\warpJammer.h">
      <Filter>Header Files</Filter>
    </ClInclude>
    <ClInclude Include="..\..\EmptyEpsilon\src\spaceObjects\wormHole.h">
      <Filter>Header Files</Filter>
    </ClInclude>
    <ClInclude Include="..\..\EmptyEpsilon\src\spaceObjects\spaceshipParts\beamWeapon.h">
      <Filter>Header Files</Filter>
    </ClInclude>
    <ClInclude Include="..\..\EmptyEpsilon\src\spaceObjects\spaceshipParts\weaponTube.h">
      <Filter>Header Files</Filter>
    </ClInclude>
  </ItemGroup>
  <ItemGroup>
    <None Include="packages.config" />
  </ItemGroup>
</Project>